
Microsoft Visual Studio Solution File, Format Version 12.00
# Visual Studio Version 16
VisualStudioVersion = 16.0.31112.23
MinimumVisualStudioVersion = 10.0.40219.1
Project("{FAE04EC0-301F-11D3-BF4B-00C04F79EFBC}") = "Calculatoradvanced", "Calculatoradvanced\Calculatoradvanced.csproj", "{80419591-22B6-4DB3-93B6-069EDCC37315}"
EndProject
Global
	GlobalSection(SolutionConfigurationPlatforms) = preSolution
		Debug|Any CPU = Debug|Any CPU
		Release|Any CPU = Release|Any CPU
	EndGlobalSection
	GlobalSection(ProjectConfigurationPlatforms) = postSolution
		{80419591-22B6-4DB3-93B6-069EDCC37315}.Debug|Any CPU.ActiveCfg = Debug|Any CPU
		{80419591-22B6-4DB3-93B6-069EDCC37315}.Debug|Any CPU.Build.0 = Debug|Any CPU
		{80419591-22B6-4DB3-93B6-069EDCC37315}.Release|Any CPU.ActiveCfg = Release|Any CPU
		{80419591-22B6-4DB3-93B6-069EDCC37315}.Release|Any CPU.Build.0 = Release|Any CPU
	EndGlobalSection
	GlobalSection(SolutionProperties) = preSolution
		HideSolutionNode = FALSE
	EndGlobalSection
	GlobalSection(ExtensibilityGlobals) = postSolution
		SolutionGuid = {4B1E4973-A929-4650-AF82-11626EE892C0}
	EndGlobalSection
EndGlobal
